// !$*UTF8*$!
{
	archiveVersion = 1;
	classes = {
	};
	objectVersion = 48;
	objects = {

/* Begin PBXBuildFile section */
		C34CC9042025266500B531B8 /* AppDelegate.swift in Sources */ = {isa = PBXBuildFile; fileRef = C34CC9032025266500B531B8 /* AppDelegate.swift */; };
		C34CC9062025266500B531B8 /* GameScene.sks in Resources */ = {isa = PBXBuildFile; fileRef = C34CC9052025266500B531B8 /* GameScene.sks */; };
		C34CC9082025266500B531B8 /* Actions.sks in Resources */ = {isa = PBXBuildFile; fileRef = C34CC9072025266500B531B8 /* Actions.sks */; };
		C34CC90A2025266500B531B8 /* GameScene.swift in Sources */ = {isa = PBXBuildFile; fileRef = C34CC9092025266500B531B8 /* GameScene.swift */; };
		C34CC90C2025266500B531B8 /* GameViewController.swift in Sources */ = {isa = PBXBuildFile; fileRef = C34CC90B2025266500B531B8 /* GameViewController.swift */; };
		C34CC90F2025266500B531B8 /* Main.storyboard in Resources */ = {isa = PBXBuildFile; fileRef = C34CC90D2025266500B531B8 /* Main.storyboard */; };
		C34CC9112025266500B531B8 /* Assets.xcassets in Resources */ = {isa = PBXBuildFile; fileRef = C34CC9102025266500B531B8 /* Assets.xcassets */; };
		C34CC9142025266500B531B8 /* LaunchScreen.storyboard in Resources */ = {isa = PBXBuildFile; fileRef = C34CC9122025266500B531B8 /* LaunchScreen.storyboard */; };
/* End PBXBuildFile section */

/* Begin PBXFileReference section */
		C34CC9002025266500B531B8 /* Lights Out.app */ = {isa = PBXFileReference; explicitFileType = wrapper.application; includeInIndex = 0; path = "Lights Out.app"; sourceTree = BUILT_PRODUCTS_DIR; };
		C34CC9032025266500B531B8 /* AppDelegate.swift */ = {isa = PBXFileReference; lastKnownFileType = sourcecode.swift; path = AppDelegate.swift; sourceTree = "<group>"; };
		C34CC9052025266500B531B8 /* GameScene.sks */ = {isa = PBXFileReference; lastKnownFileType = file.sks; path = GameScene.sks; sourceTree = "<group>"; };
		C34CC9072025266500B531B8 /* Actions.sks */ = {isa = PBXFileReference; lastKnownFileType = file.sks; path = Actions.sks; sourceTree = "<group>"; };
		C34CC9092025266500B531B8 /* GameScene.swift */ = {isa = PBXFileReference; lastKnownFileType = sourcecode.swift; path = GameScene.swift; sourceTree = "<group>"; };
		C34CC90B2025266500B531B8 /* GameViewController.swift */ = {isa = PBXFileReference; lastKnownFileType = sourcecode.swift; path = GameViewController.swift; sourceTree = "<group>"; };
		C34CC90E2025266500B531B8 /* Base */ = {isa = PBXFileReference; lastKnownFileType = file.storyboard; name = Base; path = Base.lproj/Main.storyboard; sourceTree = "<group>"; };
		C34CC9102025266500B531B8 /* Assets.xcassets */ = {isa = PBXFileReference; lastKnownFileType = folder.assetcatalog; path = Assets.xcassets; sourceTree = "<group>"; };
		C34CC9132025266500B531B8 /* Base */ = {isa = PBXFileReference; lastKnownFileType = file.storyboard; name = Base; path = Base.lproj/LaunchScreen.storyboard; sourceTree = "<group>"; };
		C34CC9152025266500B531B8 /* Info.plist */ = {isa = PBXFileReference; lastKnownFileType = text.plist.xml; path = Info.plist; sourceTree = "<group>"; };
/* End PBXFileReference section */

/* Begin PBXFrameworksBuildPhase section */
		C34CC8FD2025266500B531B8 /* Frameworks */ = {
			isa = PBXFrameworksBuildPhase;
			buildActionMask = 2147483647;
			files = (
			);
			runOnlyForDeploymentPostprocessing = 0;
		};
/* End PBXFrameworksBuildPhase section */

/* Begin PBXGroup section */
		C34CC8F72025266500B531B8 = {
			isa = PBXGroup;
			children = (
				C34CC9022025266500B531B8 /* Lights Out */,
				C34CC9012025266500B531B8 /* Products */,
			);
			sourceTree = "<group>";
		};
		C34CC9012025266500B531B8 /* Products */ = {
			isa = PBXGroup;
			children = (
				C34CC9002025266500B531B8 /* Lights Out.app */,
			);
			name = Products;
			sourceTree = "<group>";
		};
		C34CC9022025266500B531B8 /* Lights Out */ = {
			isa = PBXGroup;
			children = (
				C34CC9032025266500B531B8 /* AppDelegate.swift */,
				C34CC9072025266500B531B8 /* Actions.sks */,
				C34CC9052025266500B531B8 /* GameScene.sks */,
				C34CC9092025266500B531B8 /* GameScene.swift */,
				C34CC90B2025266500B531B8 /* GameViewController.swift */,
				C34CC90D2025266500B531B8 /* Main.storyboard */,
				C34CC9122025266500B531B8 /* LaunchScreen.storyboard */,
				C34CC9102025266500B531B8 /* Assets.xcassets */,
				C34CC9152025266500B531B8 /* Info.plist */,
			);
			path = "Lights Out";
			sourceTree = "<group>";
		};
/* End PBXGroup section */

/* Begin PBXNativeTarget section */
		C34CC8FF2025266500B531B8 /* Lights Out */ = {
			isa = PBXNativeTarget;
			buildConfigurationList = C34CC9182025266500B531B8 /* Build configuration list for PBXNativeTarget "Lights Out" */;
			buildPhases = (
				C34CC8FC2025266500B531B8 /* Sources */,
				C34CC8FD2025266500B531B8 /* Frameworks */,
				C34CC8FE2025266500B531B8 /* Resources */,
			);
			buildRules = (
			);
			dependencies = (
			);
			name = "Lights Out";
			productName = "Lights Out";
			productReference = C34CC9002025266500B531B8 /* Lights Out.app */;
			productType = "com.apple.product-type.application";
		};
/* End PBXNativeTarget section */

/* Begin PBXProject section */
		C34CC8F82025266500B531B8 /* Project object */ = {
			isa = PBXProject;
			attributes = {
				LastSwiftUpdateCheck = 0920;
				LastUpgradeCheck = 0920;
				ORGANIZATIONNAME = "Henrik Panhans";
				TargetAttributes = {
					C34CC8FF2025266500B531B8 = {
						CreatedOnToolsVersion = 9.2;
						ProvisioningStyle = Automatic;
					};
				};
			};
			buildConfigurationList = C34CC8FB2025266500B531B8 /* Build configuration list for PBXProject "Lights Out" */;
			compatibilityVersion = "Xcode 8.0";
			developmentRegion = en;
			hasScannedForEncodings = 0;
			knownRegions = (
				en,
				Base,
			);
			mainGroup = C34CC8F72025266500B531B8;
			productRefGroup = C34CC9012025266500B531B8 /* Products */;
			projectDirPath = "";
			projectRoot = "";
			targets = (
				C34CC8FF2025266500B531B8 /* Lights Out */,
			);
		};
/* End PBXProject section */

/* Begin PBXResourcesBuildPhase section */
		C34CC8FE2025266500B531B8 /* Resources */ = {
			isa = PBXResourcesBuildPhase;
			buildActionMask = 2147483647;
			files = (
				C34CC90F2025266500B531B8 /* Main.storyboard in Resources */,
				C34CC9062025266500B531B8 /* GameScene.sks in Resources */,
				C34CC9112025266500B531B8 /* Assets.xcassets in Resources */,
				C34CC9142025266500B531B8 /* LaunchScreen.storyboard in Resources */,
				C34CC9082025266500B531B8 /* Actions.sks in Resources */,
			);
			runOnlyForDeploymentPostprocessing = 0;
		};
/* End PBXResourcesBuildPhase section */

/* Begin PBXSourcesBuildPhase section */
		C34CC8FC2025266500B531B8 /* Sources */ = {
			isa = PBXSourcesBuildPhase;
			buildActionMask = 2147483647;
			files = (
				C34CC90A2025266500B531B8 /* GameScene.swift in Sources */,
				C34CC90C2025266500B531B8 /* GameViewController.swift in Sources */,
				C34CC9042025266500B531B8 /* AppDelegate.swift in Sources */,
			);
			runOnlyForDeploymentPostprocessing = 0;
		};
/* End PBXSourcesBuildPhase section */

/* Begin PBXVariantGroup section */
		C34CC90D2025266500B531B8 /* Main.storyboard */ = {
			isa = PBXVariantGroup;
			children = (
				C34CC90E2025266500B531B8 /* Base */,
			);
			name = Main.storyboard;
			sourceTree = "<group>";
		};
		C34CC9122025266500B531B8 /* LaunchScreen.storyboard */ = {
			isa = PBXVariantGroup;
			children = (
				C34CC9132025266500B531B8 /* Base */,
			);
			name = LaunchScreen.storyboard;
			sourceTree = "<group>";
		};
/* End PBXVariantGroup section */

/* Begin XCBuildConfiguration section */
		C34CC9162025266500B531B8 /* Debug */ = {
			isa = XCBuildConfiguration;
			buildSettings = {
				ALWAYS_SEARCH_USER_PATHS = NO;
				CLANG_ANALYZER_NONNULL = YES;
				CLANG_ANALYZER_NUMBER_OBJECT_CONVERSION = YES_AGGRESSIVE;
				CLANG_CXX_LANGUAGE_STANDARD = "gnu++14";
				CLANG_CXX_LIBRARY = "libc++";
				CLANG_ENABLE_MODULES = YES;
				CLANG_ENABLE_OBJC_ARC = YES;
				CLANG_WARN_BLOCK_CAPTURE_AUTORELEASING = YES;
				CLANG_WARN_BOOL_CONVERSION = YES;
				CLANG_WARN_COMMA = YES;
				CLANG_WARN_CONSTANT_CONVERSION = YES;
				CLANG_WARN_DIRECT_OBJC_ISA_USAGE = YES_ERROR;
				CLANG_WARN_DOCUMENTATION_COMMENTS = YES;
				CLANG_WARN_EMPTY_BODY = YES;
				CLANG_WARN_ENUM_CONVERSION = YES;
				CLANG_WARN_INFINITE_RECURSION = YES;
				CLANG_WARN_INT_CONVERSION = YES;
				CLANG_WARN_NON_LITERAL_NULL_CONVERSION = YES;
				CLANG_WARN_OBJC_LITERAL_CONVERSION = YES;
				CLANG_WARN_OBJC_ROOT_CLASS = YES_ERROR;
				CLANG_WARN_RANGE_LOOP_ANALYSIS = YES;
				CLANG_WARN_STRICT_PROTOTYPES = YES;
				CLANG_WARN_SUSPICIOUS_MOVE = YES;
				CLANG_WARN_UNGUARDED_AVAILABILITY = YES_AGGRESSIVE;
				CLANG_WARN_UNREACHABLE_CODE = YES;
				CLANG_WARN__DUPLICATE_METHOD_MATCH = YES;
				CODE_SIGN_IDENTITY = "iPhone Developer";
				COPY_PHASE_STRIP = NO;
				DEBUG_INFORMATION_FORMAT = dwarf;
				ENABLE_STRICT_OBJC_MSGSEND = YES;
				ENABLE_TESTABILITY = YES;
				GCC_C_LANGUAGE_STANDARD = gnu11;
				GCC_DYNAMIC_NO_PIC = NO;
				GCC_NO_COMMON_BLOCKS = YES;
				GCC_OPTIMIZATION_LEVEL = 0;
				GCC_PREPROCESSOR_DEFINITIONS = (
					"DEBUG=1",
					"$(inherited)",
				);
				GCC_WARN_64_TO_32_BIT_CONVERSION = YES;
				GCC_WARN_ABOUT_RETURN_TYPE = YES_ERROR;
				GCC_WARN_UNDECLARED_SELECTOR = YES;
				GCC_WARN_UNINITIALIZED_AUTOS = YES_AGGRESSIVE;
				GCC_WARN_UNUSED_FUNCTION = YES;
				GCC_WARN_UNUSED_VARIABLE = YES;
				IPHONEOS_DEPLOYMENT_TARGET = 11.2;
				MTL_ENABLE_DEBUG_INFO = YES;
				ONLY_ACTIVE_ARCH = YES;
				SDKROOT = iphoneos;
				SWIFT_ACTIVE_COMPILATION_CONDITIONS = DEBUG;
				SWIFT_OPTIMIZATION_LEVEL = "-Onone";
			};
			name = Debug;
		};
		C34CC9172025266500B531B8 /* Release */ = {
			isa = XCBuildConfiguration;
			buildSettings = {
				ALWAYS_SEARCH_USER_PATHS = NO;
				CLANG_ANALYZER_NONNULL = YES;
				CLANG_ANALYZER_NUMBER_OBJECT_CONVERSION = YES_AGGRESSIVE;
				CLANG_CXX_LANGUAGE_STANDARD = "gnu++14";
				CLANG_CXX_LIBRARY = "libc++";
				CLANG_ENABLE_MODULES = YES;
				CLANG_ENABLE_OBJC_ARC = YES;
				CLANG_WARN_BLOCK_CAPTURE_AUTORELEASING = YES;
				CLANG_WARN_BOOL_CONVERSION = YES;
				CLANG_WARN_COMMA = YES;
				CLANG_WARN_CONSTANT_CONVERSION = YES;
				CLANG_WARN_DIRECT_OBJC_ISA_USAGE = YES_ERROR;
				CLANG_WARN_DOCUMENTATION_COMMENTS = YES;
				CLANG_WARN_EMPTY_BODY = YES;
				CLANG_WARN_ENUM_CONVERSION = YES;
				CLANG_WARN_INFINITE_RECURSION = YES;
				CLANG_WARN_INT_CONVERSION = YES;
				CLANG_WARN_NON_LITERAL_NULL_CONVERSION = YES;
				CLANG_WARN_OBJC_LITERAL_CONVERSION = YES;
				CLANG_WARN_OBJC_ROOT_CLASS = YES_ERROR;
				CLANG_WARN_RANGE_LOOP_ANALYSIS = YES;
				CLANG_WARN_STRICT_PROTOTYPES = YES;
				CLANG_WARN_SUSPICIOUS_MOVE = YES;
				CLANG_WARN_UNGUARDED_AVAILABILITY = YES_AGGRESSIVE;
				CLANG_WARN_UNREACHABLE_CODE = YES;
				CLANG_WARN__DUPLICATE_METHOD_MATCH = YES;
				CODE_SIGN_IDENTITY = "iPhone Developer";
				COPY_PHASE_STRIP = NO;
				DEBUG_INFORMATION_FORMAT = "dwarf-with-dsym";
				ENABLE_NS_ASSERTIONS = NO;
				ENABLE_STRICT_OBJC_MSGSEND = YES;
				GCC_C_LANGUAGE_STANDARD = gnu11;
				GCC_NO_COMMON_BLOCKS = YES;
				GCC_WARN_64_TO_32_BIT_CONVERSION = YES;
				GCC_WARN_ABOUT_RETURN_TYPE = YES_ERROR;
				GCC_WARN_UNDECLARED_SELECTOR = YES;
				GCC_WARN_UNINITIALIZED_AUTOS = YES_AGGRESSIVE;
				GCC_WARN_UNUSED_FUNCTION = YES;
				GCC_WARN_UNUSED_VARIABLE = YES;
				IPHONEOS_DEPLOYMENT_TARGET = 11.2;
				MTL_ENABLE_DEBUG_INFO = NO;
				SDKROOT = iphoneos;
				SWIFT_OPTIMIZATION_LEVEL = "-Owholemodule";
				VALIDATE_PRODUCT = YES;
			};
			name = Release;
		};
		C34CC9192025266500B531B8 /* Debug */ = {
			isa = XCBuildConfiguration;
			buildSettings = {
				ASSETCATALOG_COMPILER_APPICON_NAME = AppIcon;
				CODE_SIGN_STYLE = Automatic;
				DEVELOPMENT_TEAM = FMYBNSCQ2F;
				INFOPLIST_FILE = "Lights Out/Info.plist";
				LD_RUNPATH_SEARCH_PATHS = "$(inherited) @executable_path/Frameworks";
				PRODUCT_BUNDLE_IDENTIFIER = "com.henrikpanhans.Lights-Out";
				PRODUCT_NAME = "$(TARGET_NAME)";
				SWIFT_VERSION = 4.0;
				TARGETED_DEVICE_FAMILY = "1,2";
			};
			name = Debug;
		};
		C34CC91A2025266500B531B8 /* Release */ = {
			isa = XCBuildConfiguration;
			buildSettings = {
				ASSETCATALOG_COMPILER_APPICON_NAME = AppIcon;
				CODE_SIGN_STYLE = Automatic;
				DEVELOPMENT_TEAM = FMYBNSCQ2F;
				INFOPLIST_FILE = "Lights Out/Info.plist";
				LD_RUNPATH_SEARCH_PATHS = "$(inherited) @executable_path/Frameworks";
				PRODUCT_BUNDLE_IDENTIFIER = "com.henrikpanhans.Lights-Out";
				PRODUCT_NAME = "$(TARGET_NAME)";
				SWIFT_VERSION = 4.0;
				TARGETED_DEVICE_FAMILY = "1,2";
			};
			name = Release;
		};
/* End XCBuildConfiguration section */

/* Begin XCConfigurationList section */
		C34CC8FB2025266500B531B8 /* Build configuration list for PBXProject "Lights Out" */ = {
			isa = XCConfigurationList;
			buildConfigurations = (
				C34CC9162025266500B531B8 /* Debug */,
				C34CC9172025266500B531B8 /* Release */,
			);
			defaultConfigurationIsVisible = 0;
			defaultConfigurationName = Release;
		};
		C34CC9182025266500B531B8 /* Build configuration list for PBXNativeTarget "Lights Out" */ = {
			isa = XCConfigurationList;
			buildConfigurations = (
				C34CC9192025266500B531B8 /* Debug */,
				C34CC91A2025266500B531B8 /* Release */,
			);
			defaultConfigurationIsVisible = 0;
			defaultConfigurationName = Release;
		};
/* End XCConfigurationList section */
	};
	rootObject = C34CC8F82025266500B531B8 /* Project object */;
}
